{
	"name": "@phgroe/apputils",
	"version": "0.0.5",
	"lockfileVersion": 1,
	"requires": true,
	"dependencies": {
		"@types/node": {
			"version": "10.11.5",
			"resolved": "https://registry.npmjs.org/@types/node/-/node-10.11.5.tgz",
			"integrity": "sha512-3j1EFLfrjYRHRFjBb+RIXXwr1YGzcfpQVMP39thZa6tMY+JjVgQddPF+hsdV800JqbuLwpwAWclDpbGSAw44vQ==",
			"dev": true
		},
		"typescript": {
			"version": "3.1.1",
			"resolved": "https://registry.npmjs.org/typescript/-/typescript-3.1.1.tgz",
			"integrity": "sha512-Veu0w4dTc/9wlWNf2jeRInNodKlcdLgemvPsrNpfu5Pq39sgfFjvIIgTsvUHCoLBnMhPoUA+tFxsXjU6VexVRQ==",
			"dev": true
		}
	}
}
