{
	"name": "@phgroe/apputils",
	"version": "0.0.6",
	"lockfileVersion": 1,
	"requires": true,
	"dependencies": {
		"@types/bluebird": {
			"version": "3.5.24",
			"resolved": "https://registry.npmjs.org/@types/bluebird/-/bluebird-3.5.24.tgz",
			"integrity": "sha512-YeQoDpq4Lm8ppSBqAnAeF/xy1cYp/dMTif2JFcvmAbETMRlvKHT2iLcWu+WyYiJO3b3Ivokwo7EQca/xfLVJmg==",
			"dev": true
		},
		"@types/bson": {
			"version": "1.0.11",
			"resolved": "https://registry.npmjs.org/@types/bson/-/bson-1.0.11.tgz",
			"integrity": "sha512-j+UcCWI+FsbI5/FQP/Kj2CXyplWAz39ktHFkXk84h7dNblKRSoNJs95PZFRd96NQGqsPEPgeclqnznWZr14ZDA==",
			"dev": true,
			"requires": {
				"@types/node": "*"
			}
		},
		"@types/convict": {
			"version": "4.2.0",
			"resolved": "https://registry.npmjs.org/@types/convict/-/convict-4.2.0.tgz",
			"integrity": "sha512-p+gNRe4RPjpl1lTBUomFJ42P8ymArH/P93DFJ0iY873BJ4ZmogcKc6TbHgZQmtQMsy3jxcAo0HcTjidXwo8uKg==",
			"dev": true
		},
		"@types/mongodb": {
			"version": "3.1.14",
			"resolved": "https://registry.npmjs.org/@types/mongodb/-/mongodb-3.1.14.tgz",
			"integrity": "sha512-Hc9nhu9Z33Gq8SP2CZluNlhwbXBCEGAzLMQPEceZG0wUt/ZTzIGaeo8RXu7FWNXfUd6JHh6KHl0YjQlu6TgncQ==",
			"dev": true,
			"requires": {
				"@types/bson": "*",
				"@types/node": "*"
			}
		},
		"@types/node": {
			"version": "10.12.10",
			"resolved": "https://registry.npmjs.org/@types/node/-/node-10.12.10.tgz",
			"integrity": "sha512-8xZEYckCbUVgK8Eg7lf5Iy4COKJ5uXlnIOnePN0WUwSQggy9tolM+tDJf7wMOnT/JT/W9xDYIaYggt3mRV2O5w==",
			"dev": true
		},
		"bluebird": {
			"version": "3.5.3",
			"resolved": "https://registry.npmjs.org/bluebird/-/bluebird-3.5.3.tgz",
			"integrity": "sha512-/qKPUQlaW1OyR51WeCPBvRnAlnZFUJkCSG5HzGnuIqhgyJtF+T94lFnn33eiazjRm2LAHVy2guNnaq48X9SJuw=="
		},
		"bson": {
			"version": "1.1.0",
			"resolved": "https://registry.npmjs.org/bson/-/bson-1.1.0.tgz",
			"integrity": "sha512-9Aeai9TacfNtWXOYarkFJRW2CWo+dRon+fuLZYJmvLV3+MiUp0bEI6IAZfXEIg7/Pl/7IWlLaDnhzTsD81etQA=="
		},
		"camelcase": {
			"version": "5.0.0",
			"resolved": "https://registry.npmjs.org/camelcase/-/camelcase-5.0.0.tgz",
			"integrity": "sha512-faqwZqnWxbxn+F1d399ygeamQNy3lPp/H9H6rNrqYh4FSVCtcY+3cub1MxA8o9mDd55mM8Aghuu/kuyYA6VTsA=="
		},
		"convict": {
			"version": "4.4.1",
			"resolved": "https://registry.npmjs.org/convict/-/convict-4.4.1.tgz",
			"integrity": "sha512-celpR4hOWWwb/S8azhzgQwDon6muAJlNe2LTLeOGyoSgH390TsaqoieAe9BLbAv7+9wNfG7DTA2q3IfFp2viKw==",
			"requires": {
				"depd": "1.1.2",
				"json5": "1.0.1",
				"lodash.clonedeep": "4.5.0",
				"moment": "2.22.2",
				"validator": "10.8.0",
				"yargs-parser": "11.0.0"
			}
		},
		"decamelize": {
			"version": "1.2.0",
			"resolved": "https://registry.npmjs.org/decamelize/-/decamelize-1.2.0.tgz",
			"integrity": "sha1-9lNNFRSCabIDUue+4m9QH5oZEpA="
		},
		"depd": {
			"version": "1.1.2",
			"resolved": "https://registry.npmjs.org/depd/-/depd-1.1.2.tgz",
			"integrity": "sha1-m81S4UwJd2PnSbJ0xDRu0uVgtak="
		},
		"json5": {
			"version": "1.0.1",
			"resolved": "http://registry.npmjs.org/json5/-/json5-1.0.1.tgz",
			"integrity": "sha512-aKS4WQjPenRxiQsC93MNfjx+nbF4PAdYzmd/1JIj8HYzqfbu86beTuNgXDzPknWk0n0uARlyewZo4s++ES36Ow==",
			"requires": {
				"minimist": "^1.2.0"
			}
		},
		"lodash.clonedeep": {
			"version": "4.5.0",
			"resolved": "https://registry.npmjs.org/lodash.clonedeep/-/lodash.clonedeep-4.5.0.tgz",
			"integrity": "sha1-4j8/nE+Pvd6HJSnBBxhXoIblzO8="
		},
		"memory-pager": {
			"version": "1.1.0",
			"resolved": "https://registry.npmjs.org/memory-pager/-/memory-pager-1.1.0.tgz",
			"integrity": "sha512-Mf9OHV/Y7h6YWDxTzX/b4ZZ4oh9NSXblQL8dtPCOomOtZciEHxePR78+uHFLLlsk01A6jVHhHsQZZ/WcIPpnzg==",
			"optional": true
		},
		"minimist": {
			"version": "1.2.0",
			"resolved": "http://registry.npmjs.org/minimist/-/minimist-1.2.0.tgz",
			"integrity": "sha1-o1AIsg9BOD7sH7kU9M1d95omQoQ="
		},
		"moment": {
			"version": "2.22.2",
			"resolved": "https://registry.npmjs.org/moment/-/moment-2.22.2.tgz",
			"integrity": "sha1-PCV/mDn8DpP/UxSWMiOeuQeD/2Y="
		},
		"mongodb": {
			"version": "3.1.10",
			"resolved": "https://registry.npmjs.org/mongodb/-/mongodb-3.1.10.tgz",
			"integrity": "sha512-Uml42GeFxhTGQVml1XQ4cD0o/rp7J2ROy0fdYUcVitoE7vFqEhKH4TYVqRDpQr/bXtCJVxJdNQC1ntRxNREkPQ==",
			"requires": {
				"mongodb-core": "3.1.9",
				"safe-buffer": "^5.1.2"
			}
		},
		"mongodb-core": {
			"version": "3.1.9",
			"resolved": "https://registry.npmjs.org/mongodb-core/-/mongodb-core-3.1.9.tgz",
			"integrity": "sha512-MJpciDABXMchrZphh3vMcqu8hkNf/Mi+Gk6btOimVg1XMxLXh87j6FAvRm+KmwD1A9fpu3qRQYcbQe4egj23og==",
			"requires": {
				"bson": "^1.1.0",
				"require_optional": "^1.0.1",
				"safe-buffer": "^5.1.2",
				"saslprep": "^1.0.0"
			}
		},
		"require_optional": {
			"version": "1.0.1",
			"resolved": "https://registry.npmjs.org/require_optional/-/require_optional-1.0.1.tgz",
			"integrity": "sha512-qhM/y57enGWHAe3v/NcwML6a3/vfESLe/sGM2dII+gEO0BpKRUkWZow/tyloNqJyN6kXSl3RyyM8Ll5D/sJP8g==",
			"requires": {
				"resolve-from": "^2.0.0",
				"semver": "^5.1.0"
			}
		},
		"resolve-from": {
			"version": "2.0.0",
			"resolved": "https://registry.npmjs.org/resolve-from/-/resolve-from-2.0.0.tgz",
			"integrity": "sha1-lICrIOlP+h2egKgEx+oUdhGWa1c="
		},
		"safe-buffer": {
			"version": "5.1.2",
			"resolved": "https://registry.npmjs.org/safe-buffer/-/safe-buffer-5.1.2.tgz",
			"integrity": "sha512-Gd2UZBJDkXlY7GbJxfsE8/nvKkUEU1G38c1siN6QP6a9PT9MmHB8GnpscSmMJSoF8LOIrt8ud/wPtojys4G6+g=="
		},
		"saslprep": {
			"version": "1.0.2",
			"resolved": "https://registry.npmjs.org/saslprep/-/saslprep-1.0.2.tgz",
			"integrity": "sha512-4cDsYuAjXssUSjxHKRe4DTZC0agDwsCqcMqtJAQPzC74nJ7LfAJflAtC1Zed5hMzEQKj82d3tuzqdGNRsLJ4Gw==",
			"optional": true,
			"requires": {
				"sparse-bitfield": "^3.0.3"
			}
		},
		"semver": {
			"version": "5.6.0",
			"resolved": "https://registry.npmjs.org/semver/-/semver-5.6.0.tgz",
			"integrity": "sha512-RS9R6R35NYgQn++fkDWaOmqGoj4Ek9gGs+DPxNUZKuwE183xjJroKvyo1IzVFeXvUrvmALy6FWD5xrdJT25gMg=="
		},
		"sparse-bitfield": {
			"version": "3.0.3",
			"resolved": "https://registry.npmjs.org/sparse-bitfield/-/sparse-bitfield-3.0.3.tgz",
			"integrity": "sha1-/0rm5oZWBWuks+eSqzM004JzyhE=",
			"optional": true,
			"requires": {
				"memory-pager": "^1.0.2"
			}
		},
		"typescript": {
			"version": "3.1.1",
			"resolved": "https://registry.npmjs.org/typescript/-/typescript-3.1.1.tgz",
			"integrity": "sha512-Veu0w4dTc/9wlWNf2jeRInNodKlcdLgemvPsrNpfu5Pq39sgfFjvIIgTsvUHCoLBnMhPoUA+tFxsXjU6VexVRQ==",
			"dev": true
		},
		"validator": {
			"version": "10.8.0",
			"resolved": "https://registry.npmjs.org/validator/-/validator-10.8.0.tgz",
			"integrity": "sha512-mXqMxfCh5NLsVgYVKl9WvnHNDPCcbNppHSPPowu0VjtSsGWVY+z8hJF44edLR1nbLNzi3jYoYsIl8KZpioIk6g=="
		},
		"yargs-parser": {
			"version": "11.0.0",
			"resolved": "https://registry.npmjs.org/yargs-parser/-/yargs-parser-11.0.0.tgz",
			"integrity": "sha512-dvsafRjM45h79WOTvS/dP35Sb31SlGAKz6tFjI97kGC4MJFBuzTZY6TTYHrz0QSMQdkyd8Y+RsOMLr+JY0nPFQ==",
			"requires": {
				"camelcase": "^5.0.0",
				"decamelize": "^1.2.0"
			}
		}
	}
}
